
Microsoft Visual Studio Solution File, Format Version 12.00
Project("{FAE04EC0-301F-11D3-BF4B-00C04F79EFBC}") = "HabitHook.HabitManagement.Api", "HabitHook.HabitManagement.Api\HabitHook.HabitManagement.Api.csproj", "{AE41C7FD-C405-4E3D-AE71-5B26BF3A55CD}"
EndProject
Project("{FAE04EC0-301F-11D3-BF4B-00C04F79EFBC}") = "HabitHook.HabitManagement.Domain.Test.Unit", "HabitHook.HabitManagement.Domain.Test.Unit\HabitHook.HabitManagement.Domain.Test.Unit.csproj", "{8F9A8FFA-A6DF-4398-A4C2-10414BC17791}"
EndProject
Project("{FAE04EC0-301F-11D3-BF4B-00C04F79EFBC}") = "HabitHook.HabitManagement.Domain.Core", "HabitHook.HabitManagement.Domain.Core\HabitHook.HabitManagement.Domain.Core.csproj", "{7F15925E-4C33-479E-8669-86C963A9A317}"
EndProject
Project("{FAE04EC0-301F-11D3-BF4B-00C04F79EFBC}") = "HabitHook.HabitManagement.Database", "HabitHook.HabitManagement.Database\HabitHook.HabitManagement.Database.csproj", "{8B5C7EB3-9E06-4655-A3CD-C07726156B1A}"
EndProject
Project("{FAE04EC0-301F-11D3-BF4B-00C04F79EFBC}") = "HabitHook.HabitManagement.Database.Abstractions", "HabitHook.HabitManagement.Database.Abstractions\HabitHook.HabitManagement.Database.Abstractions.csproj", "{00D31F8A-8C55-484F-AFE6-CB695BB8547B}"
EndProject
Project("{FAE04EC0-301F-11D3-BF4B-00C04F79EFBC}") = "HabitHook.Domain.Common", "HabitHook.Domain.Common\HabitHook.Domain.Common.csproj", "{96337DD2-9A75-46D9-9FFB-EA8D3C96CE1B}"
EndProject
Project("{FAE04EC0-301F-11D3-BF4B-00C04F79EFBC}") = "HabitHook.HabitManagement.Domain.Contracts", "HabitHook.HabitManagement.Domain.Contracts\HabitHook.HabitManagement.Domain.Contracts.csproj", "{DDF3A489-3FB0-4079-92EE-3AED13882BC8}"
EndProject
Project("{FAE04EC0-301F-11D3-BF4B-00C04F79EFBC}") = "HabitHook.Common", "HabitHook.Common\HabitHook.Common.csproj", "{865B811F-945E-43E8-80C7-A07AFA78D311}"
EndProject
Project("{FAE04EC0-301F-11D3-BF4B-00C04F79EFBC}") = "HabitHook.HabitManagement.Domain", "HabitHook.HabitManagement.Domain\HabitHook.HabitManagement.Domain.csproj", "{18F1182A-7725-43B6-A542-CFC0CA8D6A8B}"
EndProject
Global
	GlobalSection(SolutionConfigurationPlatforms) = preSolution
		Debug|Any CPU = Debug|Any CPU
		Release|Any CPU = Release|Any CPU
	EndGlobalSection
	GlobalSection(ProjectConfigurationPlatforms) = postSolution
		{AE41C7FD-C405-4E3D-AE71-5B26BF3A55CD}.Debug|Any CPU.ActiveCfg = Debug|Any CPU
		{AE41C7FD-C405-4E3D-AE71-5B26BF3A55CD}.Debug|Any CPU.Build.0 = Debug|Any CPU
		{AE41C7FD-C405-4E3D-AE71-5B26BF3A55CD}.Release|Any CPU.ActiveCfg = Release|Any CPU
		{AE41C7FD-C405-4E3D-AE71-5B26BF3A55CD}.Release|Any CPU.Build.0 = Release|Any CPU
		{8F9A8FFA-A6DF-4398-A4C2-10414BC17791}.Debug|Any CPU.ActiveCfg = Debug|Any CPU
		{8F9A8FFA-A6DF-4398-A4C2-10414BC17791}.Debug|Any CPU.Build.0 = Debug|Any CPU
		{8F9A8FFA-A6DF-4398-A4C2-10414BC17791}.Release|Any CPU.ActiveCfg = Release|Any CPU
		{8F9A8FFA-A6DF-4398-A4C2-10414BC17791}.Release|Any CPU.Build.0 = Release|Any CPU
		{7F15925E-4C33-479E-8669-86C963A9A317}.Debug|Any CPU.ActiveCfg = Debug|Any CPU
		{7F15925E-4C33-479E-8669-86C963A9A317}.Debug|Any CPU.Build.0 = Debug|Any CPU
		{7F15925E-4C33-479E-8669-86C963A9A317}.Release|Any CPU.ActiveCfg = Release|Any CPU
		{7F15925E-4C33-479E-8669-86C963A9A317}.Release|Any CPU.Build.0 = Release|Any CPU
		{8B5C7EB3-9E06-4655-A3CD-C07726156B1A}.Debug|Any CPU.ActiveCfg = Debug|Any CPU
		{8B5C7EB3-9E06-4655-A3CD-C07726156B1A}.Debug|Any CPU.Build.0 = Debug|Any CPU
		{8B5C7EB3-9E06-4655-A3CD-C07726156B1A}.Release|Any CPU.ActiveCfg = Release|Any CPU
		{8B5C7EB3-9E06-4655-A3CD-C07726156B1A}.Release|Any CPU.Build.0 = Release|Any CPU
		{00D31F8A-8C55-484F-AFE6-CB695BB8547B}.Debug|Any CPU.ActiveCfg = Debug|Any CPU
		{00D31F8A-8C55-484F-AFE6-CB695BB8547B}.Debug|Any CPU.Build.0 = Debug|Any CPU
		{00D31F8A-8C55-484F-AFE6-CB695BB8547B}.Release|Any CPU.ActiveCfg = Release|Any CPU
		{00D31F8A-8C55-484F-AFE6-CB695BB8547B}.Release|Any CPU.Build.0 = Release|Any CPU
		{96337DD2-9A75-46D9-9FFB-EA8D3C96CE1B}.Debug|Any CPU.ActiveCfg = Debug|Any CPU
		{96337DD2-9A75-46D9-9FFB-EA8D3C96CE1B}.Debug|Any CPU.Build.0 = Debug|Any CPU
		{96337DD2-9A75-46D9-9FFB-EA8D3C96CE1B}.Release|Any CPU.ActiveCfg = Release|Any CPU
		{96337DD2-9A75-46D9-9FFB-EA8D3C96CE1B}.Release|Any CPU.Build.0 = Release|Any CPU
		{DDF3A489-3FB0-4079-92EE-3AED13882BC8}.Debug|Any CPU.ActiveCfg = Debug|Any CPU
		{DDF3A489-3FB0-4079-92EE-3AED13882BC8}.Debug|Any CPU.Build.0 = Debug|Any CPU
		{DDF3A489-3FB0-4079-92EE-3AED13882BC8}.Release|Any CPU.ActiveCfg = Release|Any CPU
		{DDF3A489-3FB0-4079-92EE-3AED13882BC8}.Release|Any CPU.Build.0 = Release|Any CPU
		{865B811F-945E-43E8-80C7-A07AFA78D311}.Debug|Any CPU.ActiveCfg = Debug|Any CPU
		{865B811F-945E-43E8-80C7-A07AFA78D311}.Debug|Any CPU.Build.0 = Debug|Any CPU
		{865B811F-945E-43E8-80C7-A07AFA78D311}.Release|Any CPU.ActiveCfg = Release|Any CPU
		{865B811F-945E-43E8-80C7-A07AFA78D311}.Release|Any CPU.Build.0 = Release|Any CPU
		{18F1182A-7725-43B6-A542-CFC0CA8D6A8B}.Debug|Any CPU.ActiveCfg = Debug|Any CPU
		{18F1182A-7725-43B6-A542-CFC0CA8D6A8B}.Debug|Any CPU.Build.0 = Debug|Any CPU
		{18F1182A-7725-43B6-A542-CFC0CA8D6A8B}.Release|Any CPU.ActiveCfg = Release|Any CPU
		{18F1182A-7725-43B6-A542-CFC0CA8D6A8B}.Release|Any CPU.Build.0 = Release|Any CPU
	EndGlobalSection
EndGlobal
